{
  "version": 1,
  "dependencies": {
    "net6.0": {
      "Roslynator.Analyzers": {
        "type": "Direct",
        "requested": "[3.2.2, )",
        "resolved": "3.2.2",
        "contentHash": "hYHBXdHZCJAht63BfWDy2Hb5HqQb+IN1Xqj7pVkPHS0qQoBcX8bH8az3ntB/HKD//HUOBSLUa4l7riplYTTZTQ=="
      },
      "Roslynator.CodeAnalysis.Analyzers": {
        "type": "Direct",
        "requested": "[1.1.1, )",
        "resolved": "1.1.1",
        "contentHash": "QI28RwGSGpTF3LBXaKRhXmXOOJuQ0WPptsVsfcFzY47rcT9JLg0cB94PZwuIviUeoQocf1eZKQIF7ipFQ3hcag=="
      },
      "SecurityCodeScan.VS2019": {
        "type": "Direct",
        "requested": "[5.2.1, )",
        "resolved": "5.2.1",
        "contentHash": "zSg9lKWJD5cI9e4C8Lt0lzA/FNuDo758vXwiuzNORykwG6Je+6KHh8dgXJnuIzFsBcEjc5TfmXWCmyzhk7eLrg=="
      }
    }
  }
}